// !$*UTF8*$!
{
	archiveVersion = 1;
	classes = {};
	objectVersion = 77;
	objects = {
/* Begin PBXBuildFile section */
		A10000000000000000000001 /* LifeRouteApp.swift in Sources */ = {isa = PBXBuildFile; fileRef = A20000000000000000000001 /* LifeRouteApp.swift */; };
		A10000000000000000000002 /* ContentView.swift in Sources */ = {isa = PBXBuildFile; fileRef = A20000000000000000000002 /* ContentView.swift */; };
		A10000000000000000000004 /* Assets.xcassets in Resources */ = {isa = PBXBuildFile; fileRef = A20000000000000000000004 /* Assets.xcassets */; };
		A10000000000000000000008 /* AppNavigation.swift in Sources */ = {isa = PBXBuildFile; fileRef = A20000000000000000000008 /* AppNavigation.swift */; };
		A10000000000000000000009 /* CalendarDomain.swift in Sources */ = {isa = PBXBuildFile; fileRef = A20000000000000000000009 /* CalendarDomain.swift */; };
		A10000000000000000000010 /* RoutingLocationDomain.swift in Sources */ = {isa = PBXBuildFile; fileRef = A20000000000000000000010 /* RoutingLocationDomain.swift */; };
		A10000000000000000000011 /* ClientProfileDomain.swift in Sources */ = {isa = PBXBuildFile; fileRef = A20000000000000000000011 /* ClientProfileDomain.swift */; };
		A10000000000000000000012 /* ClientViews.swift in Sources */ = {isa = PBXBuildFile; fileRef = A20000000000000000000012 /* ClientViews.swift */; };
		A10000000000000000000013 /* SessionToolsDomain.swift in Sources */ = {isa = PBXBuildFile; fileRef = A20000000000000000000013 /* SessionToolsDomain.swift */; };
		A10000000000000000000014 /* SessionToolsViews.swift in Sources */ = {isa = PBXBuildFile; fileRef = A20000000000000000000014 /* SessionToolsViews.swift */; };
		A10000000000000000000015 /* CalendarProviderCore.swift in Sources */ = {isa = PBXBuildFile; fileRef = A20000000000000000000015 /* CalendarProviderCore.swift */; };
		A10000000000000000000016 /* PersistenceCore.swift in Sources */ = {isa = PBXBuildFile; fileRef = A20000000000000000000016 /* PersistenceCore.swift */; };
		A10000000000000000000017 /* LegacyMigrationCore.swift in Sources */ = {isa = PBXBuildFile; fileRef = A20000000000000000000017 /* LegacyMigrationCore.swift */; };
/* End PBXBuildFile section */
/* Begin PBXFileReference section */
		A20000000000000000000001 /* LifeRouteApp.swift */ = {isa = PBXFileReference; lastKnownFileType = sourcecode.swift; path = LifeRouteApp.swift; sourceTree = "<group>"; };
		A20000000000000000000002 /* ContentView.swift */ = {isa = PBXFileReference; lastKnownFileType = sourcecode.swift; path = ContentView.swift; sourceTree = "<group>"; };
		A20000000000000000000003 /* LifeRouteWebView.swift */ = {isa = PBXFileReference; lastKnownFileType = sourcecode.swift; path = LifeRouteWebView.swift; sourceTree = "<group>"; };
		A20000000000000000000004 /* Assets.xcassets */ = {isa = PBXFileReference; lastKnownFileType = folder.assetcatalog; path = Assets.xcassets; sourceTree = "<group>"; };
		A20000000000000000000005 /* Web */ = {isa = PBXFileReference; lastKnownFileType = folder; path = Web; sourceTree = "<group>"; };
		A20000000000000000000006 /* Info.plist */ = {isa = PBXFileReference; lastKnownFileType = text.plist.xml; path = Info.plist; sourceTree = "<group>"; };
		A20000000000000000000007 /* LifeRoute.app */ = {isa = PBXFileReference; explicitFileType = wrapper.application; includeInIndex = 0; path = LifeRoute.app; sourceTree = BUILT_PRODUCTS_DIR; };
		A20000000000000000000008 /* AppNavigation.swift */ = {isa = PBXFileReference; lastKnownFileType = sourcecode.swift; path = AppNavigation.swift; sourceTree = "<group>"; };
		A20000000000000000000009 /* CalendarDomain.swift */ = {isa = PBXFileReference; lastKnownFileType = sourcecode.swift; path = CalendarDomain.swift; sourceTree = "<group>"; };
		A20000000000000000000010 /* RoutingLocationDomain.swift */ = {isa = PBXFileReference; lastKnownFileType = sourcecode.swift; path = RoutingLocationDomain.swift; sourceTree = "<group>"; };
		A20000000000000000000011 /* ClientProfileDomain.swift */ = {isa = PBXFileReference; lastKnownFileType = sourcecode.swift; path = ClientProfileDomain.swift; sourceTree = "<group>"; };
		A20000000000000000000012 /* ClientViews.swift */ = {isa = PBXFileReference; lastKnownFileType = sourcecode.swift; path = ClientViews.swift; sourceTree = "<group>"; };
		A20000000000000000000013 /* SessionToolsDomain.swift */ = {isa = PBXFileReference; lastKnownFileType = sourcecode.swift; path = SessionToolsDomain.swift; sourceTree = "<group>"; };
		A20000000000000000000014 /* SessionToolsViews.swift */ = {isa = PBXFileReference; lastKnownFileType = sourcecode.swift; path = SessionToolsViews.swift; sourceTree = "<group>"; };
		A20000000000000000000015 /* CalendarProviderCore.swift */ = {isa = PBXFileReference; lastKnownFileType = sourcecode.swift; path = CalendarProviderCore.swift; sourceTree = "<group>"; };
		A20000000000000000000016 /* PersistenceCore.swift */ = {isa = PBXFileReference; lastKnownFileType = sourcecode.swift; path = PersistenceCore.swift; sourceTree = "<group>"; };
		A20000000000000000000017 /* LegacyMigrationCore.swift */ = {isa = PBXFileReference; lastKnownFileType = sourcecode.swift; path = LegacyMigrationCore.swift; sourceTree = "<group>"; };
/* End PBXFileReference section */
/* Begin PBXFrameworksBuildPhase section */
		A30000000000000000000001 /* Frameworks */ = {isa = PBXFrameworksBuildPhase; files = (); buildActionMask = 2147483647; runOnlyForDeploymentPostprocessing = 0; };
/* End PBXFrameworksBuildPhase section */
/* Begin PBXGroup section */
		A40000000000000000000001 = {isa = PBXGroup; children = (A40000000000000000000002 /* LifeRoute */, A40000000000000000000003 /* Products */,); sourceTree = "<group>"; };
		A40000000000000000000002 /* LifeRoute */ = {isa = PBXGroup; children = (
			A20000000000000000000001 /* LifeRouteApp.swift */,
			A20000000000000000000008 /* AppNavigation.swift */,
			A20000000000000000000009 /* CalendarDomain.swift */,
			A20000000000000000000015 /* CalendarProviderCore.swift */,
			A20000000000000000000010 /* RoutingLocationDomain.swift */,
			A20000000000000000000011 /* ClientProfileDomain.swift */,
			A20000000000000000000012 /* ClientViews.swift */,
			A20000000000000000000013 /* SessionToolsDomain.swift */,
			A20000000000000000000014 /* SessionToolsViews.swift */,
			A20000000000000000000016 /* PersistenceCore.swift */,
			A20000000000000000000017 /* LegacyMigrationCore.swift */,
			A20000000000000000000002 /* ContentView.swift */,
			A20000000000000000000003 /* LifeRouteWebView.swift */,
			A20000000000000000000004 /* Assets.xcassets */,
			A20000000000000000000005 /* Web */,
			A20000000000000000000006 /* Info.plist */,
		); path = LifeRoute; sourceTree = "<group>"; };
		A40000000000000000000003 /* Products */ = {isa = PBXGroup; children = (A20000000000000000000007 /* LifeRoute.app */,); name = Products; sourceTree = "<group>"; };
/* End PBXGroup section */
/* Begin PBXNativeTarget section */
		A50000000000000000000001 /* LifeRoute */ = {isa = PBXNativeTarget; buildConfigurationList = A90000000000000000000002; buildPhases = (A60000000000000000000001, A30000000000000000000001, A60000000000000000000002,); buildRules = (); dependencies = (); name = LifeRoute; productName = LifeRoute; productReference = A20000000000000000000007; productType = "com.apple.product-type.application"; };
/* End PBXNativeTarget section */
/* Begin PBXProject section */
		A70000000000000000000001 /* Project object */ = {isa = PBXProject; attributes = {BuildIndependentTargetsInParallel = 1; LastSwiftUpdateCheck = 2660; LastUpgradeCheck = 2660; TargetAttributes = {A50000000000000000000001 = {CreatedOnToolsVersion = 26.6;};};}; buildConfigurationList = A90000000000000000000001; compatibilityVersion = "Xcode 16.0"; developmentRegion = en; hasScannedForEncodings = 0; knownRegions = (en, Base); mainGroup = A40000000000000000000001; productRefGroup = A40000000000000000000003; projectDirPath = ""; projectRoot = ""; targets = (A50000000000000000000001,); };
/* End PBXProject section */
/* Begin PBXResourcesBuildPhase section */
		A60000000000000000000002 /* Resources */ = {isa = PBXResourcesBuildPhase; buildActionMask = 2147483647; files = (A10000000000000000000004 /* Assets.xcassets in Resources */,); runOnlyForDeploymentPostprocessing = 0; };
/* End PBXResourcesBuildPhase section */
/* Begin PBXSourcesBuildPhase section */
		A60000000000000000000001 /* Sources */ = {isa = PBXSourcesBuildPhase; buildActionMask = 2147483647; files = (
			A10000000000000000000001 /* LifeRouteApp.swift in Sources */,
			A10000000000000000000008 /* AppNavigation.swift in Sources */,
			A10000000000000000000009 /* CalendarDomain.swift in Sources */,
			A10000000000000000000015 /* CalendarProviderCore.swift in Sources */,
			A10000000000000000000010 /* RoutingLocationDomain.swift in Sources */,
			A10000000000000000000011 /* ClientProfileDomain.swift in Sources */,
			A10000000000000000000012 /* ClientViews.swift in Sources */,
			A10000000000000000000013 /* SessionToolsDomain.swift in Sources */,
			A10000000000000000000014 /* SessionToolsViews.swift in Sources */,
			A10000000000000000000016 /* PersistenceCore.swift in Sources */,
			A10000000000000000000017 /* LegacyMigrationCore.swift in Sources */,
			A10000000000000000000002 /* ContentView.swift in Sources */,
		); runOnlyForDeploymentPostprocessing = 0; };
/* End PBXSourcesBuildPhase section */
/* Begin XCBuildConfiguration section */
		B10000000000000000000001 /* Debug */ = {isa = XCBuildConfiguration; buildSettings = {ALWAYS_SEARCH_USER_PATHS = NO; CLANG_ENABLE_MODULES = YES; CLANG_ENABLE_OBJC_ARC = YES; IPHONEOS_DEPLOYMENT_TARGET = 16.0; SDKROOT = iphoneos; SWIFT_VERSION = 5.0;}; name = Debug;};
		B10000000000000000000002 /* Release */ = {isa = XCBuildConfiguration; buildSettings = {ALWAYS_SEARCH_USER_PATHS = NO; CLANG_ENABLE_MODULES = YES; CLANG_ENABLE_OBJC_ARC = YES; IPHONEOS_DEPLOYMENT_TARGET = 16.0; SDKROOT = iphoneos; SWIFT_VERSION = 5.0;}; name = Release;};
		B10000000000000000000003 /* Debug */ = {isa = XCBuildConfiguration; buildSettings = {ASSETCATALOG_COMPILER_APPICON_NAME = AppIcon; CODE_SIGN_STYLE = Automatic; CURRENT_PROJECT_VERSION = 2; DEVELOPMENT_TEAM = ""; GENERATE_INFOPLIST_FILE = NO; INFOPLIST_FILE = LifeRoute/Info.plist; IPHONEOS_DEPLOYMENT_TARGET = 16.0; LD_RUNPATH_SEARCH_PATHS = "$(inherited) @executable_path/Frameworks"; MARKETING_VERSION = 0.5.3; PRODUCT_BUNDLE_IDENTIFIER = Com.Brandongood.LifeRoute; PRODUCT_NAME = "$(TARGET_NAME)"; SUPPORTED_PLATFORMS = "iphoneos iphonesimulator"; SUPPORTS_MACCATALYST = NO; SWIFT_EMIT_LOC_STRINGS = YES; SWIFT_VERSION = 5.0; TARGETED_DEVICE_FAMILY = 1;}; name = Debug;};
		B10000000000000000000004 /* Release */ = {isa = XCBuildConfiguration; buildSettings = {ASSETCATALOG_COMPILER_APPICON_NAME = AppIcon; CODE_SIGN_STYLE = Automatic; CURRENT_PROJECT_VERSION = 2; DEVELOPMENT_TEAM = ""; GENERATE_INFOPLIST_FILE = NO; INFOPLIST_FILE = LifeRoute/Info.plist; IPHONEOS_DEPLOYMENT_TARGET = 16.0; LD_RUNPATH_SEARCH_PATHS = "$(inherited) @executable_path/Frameworks"; MARKETING_VERSION = 0.5.3; PRODUCT_BUNDLE_IDENTIFIER = Com.Brandongood.LifeRoute; PRODUCT_NAME = "$(TARGET_NAME)"; SUPPORTED_PLATFORMS = "iphoneos iphonesimulator"; SUPPORTS_MACCATALYST = NO; SWIFT_EMIT_LOC_STRINGS = YES; SWIFT_VERSION = 5.0; TARGETED_DEVICE_FAMILY = 1;}; name = Release;};
/* End XCBuildConfiguration section */
/* Begin XCConfigurationList section */
		A90000000000000000000001 = {isa = XCConfigurationList; buildConfigurations = (B10000000000000000000001, B10000000000000000000002,); defaultConfigurationIsVisible = 0; defaultConfigurationName = Release;};
		A90000000000000000000002 = {isa = XCConfigurationList; buildConfigurations = (B10000000000000000000003, B10000000000000000000004,); defaultConfigurationIsVisible = 0; defaultConfigurationName = Release;};
/* End XCConfigurationList section */
	};
	rootObject = A70000000000000000000001;
}
