// !$*UTF8*$!
{ archiveVersion = 1; classes = {}; objectVersion = 56; objects = {
A00000000000000000000001 = {isa = PBXProject; buildConfigurationList = A00000000000000000000002; compatibilityVersion = "Xcode 14.0"; developmentRegion = en; knownRegions = (en, Base); mainGroup = A00000000000000000000003; productRefGroup = A00000000000000000000004; projectDirPath = ""; projectRoot = ""; targets = (A00000000000000000000005); };
A00000000000000000000002 = {isa = XCConfigurationList; buildConfigurations = (A00000000000000000000006); defaultConfigurationIsVisible = 0; defaultConfigurationName = Debug; };
A00000000000000000000003 = {isa = PBXGroup; children = (A00000000000000000000007,A00000000000000000000004); sourceTree = "<group>"; };
A00000000000000000000004 = {isa = PBXGroup; children = (A00000000000000000000008); name = Products; sourceTree = "<group>"; };
A00000000000000000000005 = {isa = PBXNativeTarget; buildConfigurationList = A00000000000000000000009; buildPhases = (A0000000000000000000000A,A0000000000000000000000B); buildRules = (); dependencies = (); name = NativeUI; productName = NativeUI; productReference = A00000000000000000000008; productType = "com.apple.product-type.bundle.ui-testing"; };
A00000000000000000000006 = {isa = XCBuildConfiguration; name = Debug; buildSettings = { SDKROOT = iphonesimulator; IPHONEOS_DEPLOYMENT_TARGET = 16.0; SWIFT_VERSION = 5.0; CLANG_ENABLE_MODULES = YES; }; };
A00000000000000000000007 = {isa = PBXFileReference; lastKnownFileType = sourcecode.swift; path = NativeUI.swift; sourceTree = "<group>"; };
A00000000000000000000008 = {isa = PBXFileReference; explicitFileType = wrapper.cfbundle; path = NativeUI.xctest; sourceTree = BUILT_PRODUCTS_DIR; };
A00000000000000000000009 = {isa = XCConfigurationList; buildConfigurations = (A0000000000000000000000C); defaultConfigurationIsVisible = 0; defaultConfigurationName = Debug; };
A0000000000000000000000A = {isa = PBXSourcesBuildPhase; buildActionMask = 2147483647; files = (A0000000000000000000000D); runOnlyForDeploymentPostprocessing = 0; };
A0000000000000000000000B = {isa = PBXFrameworksBuildPhase; buildActionMask = 2147483647; files = (); runOnlyForDeploymentPostprocessing = 0; };
A0000000000000000000000C = {isa = XCBuildConfiguration; name = Debug; buildSettings = { PRODUCT_BUNDLE_IDENTIFIER = local.liferoute.NativeUI; PRODUCT_NAME = "$(TARGET_NAME)"; GENERATE_INFOPLIST_FILE = YES; CODE_SIGNING_ALLOWED = NO; SWIFT_VERSION = 5.0; TARGETED_DEVICE_FAMILY = 1; SUPPORTED_PLATFORMS = iphonesimulator; ENABLE_TESTING_SEARCH_PATHS = YES; }; };
A0000000000000000000000D = {isa = PBXBuildFile; fileRef = A00000000000000000000007; };
}; rootObject = A00000000000000000000001; }
